
Microsoft Visual Studio Solution File, Format Version 12.00
# Visual Studio Version 17
VisualStudioVersion = 17.4.33122.133
MinimumVisualStudioVersion = 10.0.40219.1
Project("{FAE04EC0-301F-11D3-BF4B-00C04F79EFBC}") = "SmartDevices", "SmartDevices\SmartDevices.csproj", "{EBC77D62-489D-4455-B9BB-3788CA547E97}"
EndProject
Global
	GlobalSection(SolutionConfigurationPlatforms) = preSolution
		Debug|Any CPU = Debug|Any CPU
		Release|Any CPU = Release|Any CPU
	EndGlobalSection
	GlobalSection(ProjectConfigurationPlatforms) = postSolution
		{EBC77D62-489D-4455-B9BB-3788CA547E97}.Debug|Any CPU.ActiveCfg = Debug|Any CPU
		{EBC77D62-489D-4455-B9BB-3788CA547E97}.Debug|Any CPU.Build.0 = Debug|Any CPU
		{EBC77D62-489D-4455-B9BB-3788CA547E97}.Release|Any CPU.ActiveCfg = Release|Any CPU
		{EBC77D62-489D-4455-B9BB-3788CA547E97}.Release|Any CPU.Build.0 = Release|Any CPU
	EndGlobalSection
	GlobalSection(SolutionProperties) = preSolution
		HideSolutionNode = FALSE
	EndGlobalSection
	GlobalSection(ExtensibilityGlobals) = postSolution
		SolutionGuid = {4D7574D6-8C2D-423D-B68D-AC36BE46E4B9}
	EndGlobalSection
EndGlobal
